// !$*UTF8*$!
{
	archiveVersion = 1;
	classes = {
	};
	objectVersion = 46;
	objects = {

/* Begin PBXBuildFile section */
		140F8DF51CE2937E00B0CBCE /* Plan.swift in Sources */ = {isa = PBXBuildFile; fileRef = 140F8DF41CE2937E00B0CBCE /* Plan.swift */; };
		140F8DF71CE2948200B0CBCE /* Result.swift in Sources */ = {isa = PBXBuildFile; fileRef = 140F8DF61CE2948200B0CBCE /* Result.swift */; };
		147802B01CDFB5AD00F34796 /* RestClient.swift in Sources */ = {isa = PBXBuildFile; fileRef = 147802AF1CDFB5AD00F34796 /* RestClient.swift */; };
		147802B51CDFB74600F34796 /* Info.swift in Sources */ = {isa = PBXBuildFile; fileRef = 147802B41CDFB74600F34796 /* Info.swift */; };
		147802B71CDFE49500F34796 /* UIViewControllerExtensions.swift in Sources */ = {isa = PBXBuildFile; fileRef = 147802B61CDFE49500F34796 /* UIViewControllerExtensions.swift */; };
		14988B991CDD3C0F00E34D39 /* AppDelegate.swift in Sources */ = {isa = PBXBuildFile; fileRef = 14988B981CDD3C0F00E34D39 /* AppDelegate.swift */; };
		14988B9B1CDD3C0F00E34D39 /* ViewController.swift in Sources */ = {isa = PBXBuildFile; fileRef = 14988B9A1CDD3C0F00E34D39 /* ViewController.swift */; };
		14988B9E1CDD3C0F00E34D39 /* Main.storyboard in Resources */ = {isa = PBXBuildFile; fileRef = 14988B9C1CDD3C0F00E34D39 /* Main.storyboard */; };
		14988BA01CDD3C0F00E34D39 /* Assets.xcassets in Resources */ = {isa = PBXBuildFile; fileRef = 14988B9F1CDD3C0F00E34D39 /* Assets.xcassets */; };
		14988BA31CDD3C0F00E34D39 /* LaunchScreen.storyboard in Resources */ = {isa = PBXBuildFile; fileRef = 14988BA11CDD3C0F00E34D39 /* LaunchScreen.storyboard */; };
		14988BAB1CDD465A00E34D39 /* Server.swift in Sources */ = {isa = PBXBuildFile; fileRef = 14988BAA1CDD465A00E34D39 /* Server.swift */; };
		14CB363B1CE1152C00703E22 /* ServerRepository.swift in Sources */ = {isa = PBXBuildFile; fileRef = 14CB363A1CE1152C00703E22 /* ServerRepository.swift */; };
		14CB363D1CE1357A00703E22 /* DashboardViewController.swift in Sources */ = {isa = PBXBuildFile; fileRef = 14CB363C1CE1357A00703E22 /* DashboardViewController.swift */; };
		14DA193D1CDDEC6B0008F4B3 /* ServerViewController.swift in Sources */ = {isa = PBXBuildFile; fileRef = 14DA193C1CDDEC6B0008F4B3 /* ServerViewController.swift */; };
/* End PBXBuildFile section */

/* Begin PBXFileReference section */
		140F8DF41CE2937E00B0CBCE /* Plan.swift */ = {isa = PBXFileReference; fileEncoding = 4; lastKnownFileType = sourcecode.swift; path = Plan.swift; sourceTree = "<group>"; };
		140F8DF61CE2948200B0CBCE /* Result.swift */ = {isa = PBXFileReference; fileEncoding = 4; lastKnownFileType = sourcecode.swift; path = Result.swift; sourceTree = "<group>"; };
		147802AF1CDFB5AD00F34796 /* RestClient.swift */ = {isa = PBXFileReference; fileEncoding = 4; lastKnownFileType = sourcecode.swift; path = RestClient.swift; sourceTree = "<group>"; };
		147802B41CDFB74600F34796 /* Info.swift */ = {isa = PBXFileReference; fileEncoding = 4; lastKnownFileType = sourcecode.swift; path = Info.swift; sourceTree = "<group>"; };
		147802B61CDFE49500F34796 /* UIViewControllerExtensions.swift */ = {isa = PBXFileReference; fileEncoding = 4; lastKnownFileType = sourcecode.swift; path = UIViewControllerExtensions.swift; sourceTree = "<group>"; };
		14988B951CDD3C0F00E34D39 /* Bamboo.app */ = {isa = PBXFileReference; explicitFileType = wrapper.application; includeInIndex = 0; path = Bamboo.app; sourceTree = BUILT_PRODUCTS_DIR; };
		14988B981CDD3C0F00E34D39 /* AppDelegate.swift */ = {isa = PBXFileReference; lastKnownFileType = sourcecode.swift; path = AppDelegate.swift; sourceTree = "<group>"; };
		14988B9A1CDD3C0F00E34D39 /* ViewController.swift */ = {isa = PBXFileReference; lastKnownFileType = sourcecode.swift; path = ViewController.swift; sourceTree = "<group>"; };
		14988B9D1CDD3C0F00E34D39 /* Base */ = {isa = PBXFileReference; lastKnownFileType = file.storyboard; name = Base; path = Base.lproj/Main.storyboard; sourceTree = "<group>"; };
		14988B9F1CDD3C0F00E34D39 /* Assets.xcassets */ = {isa = PBXFileReference; lastKnownFileType = folder.assetcatalog; path = Assets.xcassets; sourceTree = "<group>"; };
		14988BA21CDD3C0F00E34D39 /* Base */ = {isa = PBXFileReference; lastKnownFileType = file.storyboard; name = Base; path = Base.lproj/LaunchScreen.storyboard; sourceTree = "<group>"; };
		14988BA41CDD3C0F00E34D39 /* Info.plist */ = {isa = PBXFileReference; lastKnownFileType = text.plist.xml; path = Info.plist; sourceTree = "<group>"; };
		14988BAA1CDD465A00E34D39 /* Server.swift */ = {isa = PBXFileReference; fileEncoding = 4; lastKnownFileType = sourcecode.swift; path = Server.swift; sourceTree = "<group>"; };
		14CB363A1CE1152C00703E22 /* ServerRepository.swift */ = {isa = PBXFileReference; fileEncoding = 4; lastKnownFileType = sourcecode.swift; path = ServerRepository.swift; sourceTree = "<group>"; };
		14CB363C1CE1357A00703E22 /* DashboardViewController.swift */ = {isa = PBXFileReference; fileEncoding = 4; lastKnownFileType = sourcecode.swift; path = DashboardViewController.swift; sourceTree = "<group>"; };
		14DA193C1CDDEC6B0008F4B3 /* ServerViewController.swift */ = {isa = PBXFileReference; fileEncoding = 4; lastKnownFileType = sourcecode.swift; path = ServerViewController.swift; sourceTree = "<group>"; };
/* End PBXFileReference section */

/* Begin PBXFrameworksBuildPhase section */
		14988B921CDD3C0F00E34D39 /* Frameworks */ = {
			isa = PBXFrameworksBuildPhase;
			buildActionMask = 2147483647;
			files = (
			);
			runOnlyForDeploymentPostprocessing = 0;
		};
/* End PBXFrameworksBuildPhase section */

/* Begin PBXGroup section */
		140F8DF31CE2937100B0CBCE /* Models */ = {
			isa = PBXGroup;
			children = (
				140F8DF41CE2937E00B0CBCE /* Plan.swift */,
				140F8DF61CE2948200B0CBCE /* Result.swift */,
			);
			name = Models;
			sourceTree = "<group>";
		};
		14988B8C1CDD3C0F00E34D39 = {
			isa = PBXGroup;
			children = (
				14988B971CDD3C0F00E34D39 /* Bamboo */,
				14988B961CDD3C0F00E34D39 /* Products */,
			);
			sourceTree = "<group>";
		};
		14988B961CDD3C0F00E34D39 /* Products */ = {
			isa = PBXGroup;
			children = (
				14988B951CDD3C0F00E34D39 /* Bamboo.app */,
			);
			name = Products;
			sourceTree = "<group>";
		};
		14988B971CDD3C0F00E34D39 /* Bamboo */ = {
			isa = PBXGroup;
			children = (
				140F8DF31CE2937100B0CBCE /* Models */,
				147802AF1CDFB5AD00F34796 /* RestClient.swift */,
				14988B981CDD3C0F00E34D39 /* AppDelegate.swift */,
				14988B9A1CDD3C0F00E34D39 /* ViewController.swift */,
				14988B9C1CDD3C0F00E34D39 /* Main.storyboard */,
				14988B9F1CDD3C0F00E34D39 /* Assets.xcassets */,
				14988BA11CDD3C0F00E34D39 /* LaunchScreen.storyboard */,
				14988BA41CDD3C0F00E34D39 /* Info.plist */,
				14988BAA1CDD465A00E34D39 /* Server.swift */,
				14DA193C1CDDEC6B0008F4B3 /* ServerViewController.swift */,
				147802B41CDFB74600F34796 /* Info.swift */,
				147802B61CDFE49500F34796 /* UIViewControllerExtensions.swift */,
				14CB363A1CE1152C00703E22 /* ServerRepository.swift */,
				14CB363C1CE1357A00703E22 /* DashboardViewController.swift */,
			);
			path = Bamboo;
			sourceTree = "<group>";
		};
/* End PBXGroup section */

/* Begin PBXNativeTarget section */
		14988B941CDD3C0F00E34D39 /* Bamboo */ = {
			isa = PBXNativeTarget;
			buildConfigurationList = 14988BA71CDD3C0F00E34D39 /* Build configuration list for PBXNativeTarget "Bamboo" */;
			buildPhases = (
				14988B911CDD3C0F00E34D39 /* Sources */,
				14988B921CDD3C0F00E34D39 /* Frameworks */,
				14988B931CDD3C0F00E34D39 /* Resources */,
			);
			buildRules = (
			);
			dependencies = (
			);
			name = Bamboo;
			productName = Bamboo;
			productReference = 14988B951CDD3C0F00E34D39 /* Bamboo.app */;
			productType = "com.apple.product-type.application";
		};
/* End PBXNativeTarget section */

/* Begin PBXProject section */
		14988B8D1CDD3C0F00E34D39 /* Project object */ = {
			isa = PBXProject;
			attributes = {
				LastSwiftUpdateCheck = 0730;
				LastUpgradeCheck = 0730;
				ORGANIZATIONNAME = "Dmytro Morozov";
				TargetAttributes = {
					14988B941CDD3C0F00E34D39 = {
						CreatedOnToolsVersion = 7.3.1;
					};
				};
			};
			buildConfigurationList = 14988B901CDD3C0F00E34D39 /* Build configuration list for PBXProject "Bamboo" */;
			compatibilityVersion = "Xcode 3.2";
			developmentRegion = English;
			hasScannedForEncodings = 0;
			knownRegions = (
				en,
				Base,
			);
			mainGroup = 14988B8C1CDD3C0F00E34D39;
			productRefGroup = 14988B961CDD3C0F00E34D39 /* Products */;
			projectDirPath = "";
			projectRoot = "";
			targets = (
				14988B941CDD3C0F00E34D39 /* Bamboo */,
			);
		};
/* End PBXProject section */

/* Begin PBXResourcesBuildPhase section */
		14988B931CDD3C0F00E34D39 /* Resources */ = {
			isa = PBXResourcesBuildPhase;
			buildActionMask = 2147483647;
			files = (
				14988BA31CDD3C0F00E34D39 /* LaunchScreen.storyboard in Resources */,
				14988BA01CDD3C0F00E34D39 /* Assets.xcassets in Resources */,
				14988B9E1CDD3C0F00E34D39 /* Main.storyboard in Resources */,
			);
			runOnlyForDeploymentPostprocessing = 0;
		};
/* End PBXResourcesBuildPhase section */

/* Begin PBXSourcesBuildPhase section */
		14988B911CDD3C0F00E34D39 /* Sources */ = {
			isa = PBXSourcesBuildPhase;
			buildActionMask = 2147483647;
			files = (
				14CB363B1CE1152C00703E22 /* ServerRepository.swift in Sources */,
				14988B9B1CDD3C0F00E34D39 /* ViewController.swift in Sources */,
				14988BAB1CDD465A00E34D39 /* Server.swift in Sources */,
				14988B991CDD3C0F00E34D39 /* AppDelegate.swift in Sources */,
				147802B51CDFB74600F34796 /* Info.swift in Sources */,
				14CB363D1CE1357A00703E22 /* DashboardViewController.swift in Sources */,
				140F8DF51CE2937E00B0CBCE /* Plan.swift in Sources */,
				147802B01CDFB5AD00F34796 /* RestClient.swift in Sources */,
				14DA193D1CDDEC6B0008F4B3 /* ServerViewController.swift in Sources */,
				147802B71CDFE49500F34796 /* UIViewControllerExtensions.swift in Sources */,
				140F8DF71CE2948200B0CBCE /* Result.swift in Sources */,
			);
			runOnlyForDeploymentPostprocessing = 0;
		};
/* End PBXSourcesBuildPhase section */

/* Begin PBXVariantGroup section */
		14988B9C1CDD3C0F00E34D39 /* Main.storyboard */ = {
			isa = PBXVariantGroup;
			children = (
				14988B9D1CDD3C0F00E34D39 /* Base */,
			);
			name = Main.storyboard;
			sourceTree = "<group>";
		};
		14988BA11CDD3C0F00E34D39 /* LaunchScreen.storyboard */ = {
			isa = PBXVariantGroup;
			children = (
				14988BA21CDD3C0F00E34D39 /* Base */,
			);
			name = LaunchScreen.storyboard;
			sourceTree = "<group>";
		};
/* End PBXVariantGroup section */

/* Begin XCBuildConfiguration section */
		14988BA51CDD3C0F00E34D39 /* Debug */ = {
			isa = XCBuildConfiguration;
			buildSettings = {
				ALWAYS_SEARCH_USER_PATHS = NO;
				CLANG_ANALYZER_NONNULL = YES;
				CLANG_CXX_LANGUAGE_STANDARD = "gnu++0x";
				CLANG_CXX_LIBRARY = "libc++";
				CLANG_ENABLE_MODULES = YES;
				CLANG_ENABLE_OBJC_ARC = YES;
				CLANG_WARN_BOOL_CONVERSION = YES;
				CLANG_WARN_CONSTANT_CONVERSION = YES;
				CLANG_WARN_DIRECT_OBJC_ISA_USAGE = YES_ERROR;
				CLANG_WARN_EMPTY_BODY = YES;
				CLANG_WARN_ENUM_CONVERSION = YES;
				CLANG_WARN_INT_CONVERSION = YES;
				CLANG_WARN_OBJC_ROOT_CLASS = YES_ERROR;
				CLANG_WARN_UNREACHABLE_CODE = YES;
				CLANG_WARN__DUPLICATE_METHOD_MATCH = YES;
				"CODE_SIGN_IDENTITY[sdk=iphoneos*]" = "iPhone Developer";
				COPY_PHASE_STRIP = NO;
				DEBUG_INFORMATION_FORMAT = dwarf;
				ENABLE_STRICT_OBJC_MSGSEND = YES;
				ENABLE_TESTABILITY = YES;
				GCC_C_LANGUAGE_STANDARD = gnu99;
				GCC_DYNAMIC_NO_PIC = NO;
				GCC_NO_COMMON_BLOCKS = YES;
				GCC_OPTIMIZATION_LEVEL = 0;
				GCC_PREPROCESSOR_DEFINITIONS = (
					"DEBUG=1",
					"$(inherited)",
				);
				GCC_WARN_64_TO_32_BIT_CONVERSION = YES;
				GCC_WARN_ABOUT_RETURN_TYPE = YES_ERROR;
				GCC_WARN_UNDECLARED_SELECTOR = YES;
				GCC_WARN_UNINITIALIZED_AUTOS = YES_AGGRESSIVE;
				GCC_WARN_UNUSED_FUNCTION = YES;
				GCC_WARN_UNUSED_VARIABLE = YES;
				IPHONEOS_DEPLOYMENT_TARGET = 9.3;
				MTL_ENABLE_DEBUG_INFO = YES;
				ONLY_ACTIVE_ARCH = YES;
				SDKROOT = iphoneos;
				SWIFT_OPTIMIZATION_LEVEL = "-Onone";
			};
			name = Debug;
		};
		14988BA61CDD3C0F00E34D39 /* Release */ = {
			isa = XCBuildConfiguration;
			buildSettings = {
				ALWAYS_SEARCH_USER_PATHS = NO;
				CLANG_ANALYZER_NONNULL = YES;
				CLANG_CXX_LANGUAGE_STANDARD = "gnu++0x";
				CLANG_CXX_LIBRARY = "libc++";
				CLANG_ENABLE_MODULES = YES;
				CLANG_ENABLE_OBJC_ARC = YES;
				CLANG_WARN_BOOL_CONVERSION = YES;
				CLANG_WARN_CONSTANT_CONVERSION = YES;
				CLANG_WARN_DIRECT_OBJC_ISA_USAGE = YES_ERROR;
				CLANG_WARN_EMPTY_BODY = YES;
				CLANG_WARN_ENUM_CONVERSION = YES;
				CLANG_WARN_INT_CONVERSION = YES;
				CLANG_WARN_OBJC_ROOT_CLASS = YES_ERROR;
				CLANG_WARN_UNREACHABLE_CODE = YES;
				CLANG_WARN__DUPLICATE_METHOD_MATCH = YES;
				"CODE_SIGN_IDENTITY[sdk=iphoneos*]" = "iPhone Developer";
				COPY_PHASE_STRIP = NO;
				DEBUG_INFORMATION_FORMAT = "dwarf-with-dsym";
				ENABLE_NS_ASSERTIONS = NO;
				ENABLE_STRICT_OBJC_MSGSEND = YES;
				GCC_C_LANGUAGE_STANDARD = gnu99;
				GCC_NO_COMMON_BLOCKS = YES;
				GCC_WARN_64_TO_32_BIT_CONVERSION = YES;
				GCC_WARN_ABOUT_RETURN_TYPE = YES_ERROR;
				GCC_WARN_UNDECLARED_SELECTOR = YES;
				GCC_WARN_UNINITIALIZED_AUTOS = YES_AGGRESSIVE;
				GCC_WARN_UNUSED_FUNCTION = YES;
				GCC_WARN_UNUSED_VARIABLE = YES;
				IPHONEOS_DEPLOYMENT_TARGET = 9.3;
				MTL_ENABLE_DEBUG_INFO = NO;
				SDKROOT = iphoneos;
				VALIDATE_PRODUCT = YES;
			};
			name = Release;
		};
		14988BA81CDD3C0F00E34D39 /* Debug */ = {
			isa = XCBuildConfiguration;
			buildSettings = {
				ASSETCATALOG_COMPILER_APPICON_NAME = AppIcon;
				INFOPLIST_FILE = Bamboo/Info.plist;
				LD_RUNPATH_SEARCH_PATHS = "$(inherited) @executable_path/Frameworks";
				PRODUCT_BUNDLE_IDENTIFIER = com.mdmsua.Bamboo;
				PRODUCT_NAME = "$(TARGET_NAME)";
			};
			name = Debug;
		};
		14988BA91CDD3C0F00E34D39 /* Release */ = {
			isa = XCBuildConfiguration;
			buildSettings = {
				ASSETCATALOG_COMPILER_APPICON_NAME = AppIcon;
				INFOPLIST_FILE = Bamboo/Info.plist;
				LD_RUNPATH_SEARCH_PATHS = "$(inherited) @executable_path/Frameworks";
				PRODUCT_BUNDLE_IDENTIFIER = com.mdmsua.Bamboo;
				PRODUCT_NAME = "$(TARGET_NAME)";
			};
			name = Release;
		};
/* End XCBuildConfiguration section */

/* Begin XCConfigurationList section */
		14988B901CDD3C0F00E34D39 /* Build configuration list for PBXProject "Bamboo" */ = {
			isa = XCConfigurationList;
			buildConfigurations = (
				14988BA51CDD3C0F00E34D39 /* Debug */,
				14988BA61CDD3C0F00E34D39 /* Release */,
			);
			defaultConfigurationIsVisible = 0;
			defaultConfigurationName = Release;
		};
		14988BA71CDD3C0F00E34D39 /* Build configuration list for PBXNativeTarget "Bamboo" */ = {
			isa = XCConfigurationList;
			buildConfigurations = (
				14988BA81CDD3C0F00E34D39 /* Debug */,
				14988BA91CDD3C0F00E34D39 /* Release */,
			);
			defaultConfigurationIsVisible = 0;
			defaultConfigurationName = Release;
		};
/* End XCConfigurationList section */
	};
	rootObject = 14988B8D1CDD3C0F00E34D39 /* Project object */;
}
